
Microsoft Visual Studio Solution File, Format Version 12.00
# Visual Studio Version 16
VisualStudioVersion = 16.0.31911.196
MinimumVisualStudioVersion = 10.0.40219.1
Project("{9A19103F-16F7-4668-BE54-9A1E7A4F7556}") = "coin_test", "coin_test.csproj", "{B96C3C20-C622-4BC3-A332-255C9BEF6C29}"
EndProject
Project("{FAE04EC0-301F-11D3-BF4B-00C04F79EFBC}") = "coint_test_tests", "..\coint_test_tests\coint_test_tests.csproj", "{83F3792F-8B40-45BE-AB4A-DDC1D1A988BF}"
EndProject
Global
	GlobalSection(SolutionConfigurationPlatforms) = preSolution
		Debug|Any CPU = Debug|Any CPU
		Release|Any CPU = Release|Any CPU
	EndGlobalSection
	GlobalSection(ProjectConfigurationPlatforms) = postSolution
		{B96C3C20-C622-4BC3-A332-255C9BEF6C29}.Debug|Any CPU.ActiveCfg = Debug|Any CPU
		{B96C3C20-C622-4BC3-A332-255C9BEF6C29}.Debug|Any CPU.Build.0 = Debug|Any CPU
		{B96C3C20-C622-4BC3-A332-255C9BEF6C29}.Release|Any CPU.ActiveCfg = Release|Any CPU
		{B96C3C20-C622-4BC3-A332-255C9BEF6C29}.Release|Any CPU.Build.0 = Release|Any CPU
		{83F3792F-8B40-45BE-AB4A-DDC1D1A988BF}.Debug|Any CPU.ActiveCfg = Debug|Any CPU
		{83F3792F-8B40-45BE-AB4A-DDC1D1A988BF}.Debug|Any CPU.Build.0 = Debug|Any CPU
		{83F3792F-8B40-45BE-AB4A-DDC1D1A988BF}.Release|Any CPU.ActiveCfg = Release|Any CPU
		{83F3792F-8B40-45BE-AB4A-DDC1D1A988BF}.Release|Any CPU.Build.0 = Release|Any CPU
	EndGlobalSection
	GlobalSection(SolutionProperties) = preSolution
		HideSolutionNode = FALSE
	EndGlobalSection
	GlobalSection(ExtensibilityGlobals) = postSolution
		SolutionGuid = {CEF74705-B7F2-4186-8AD1-E74F7A18452B}
	EndGlobalSection
EndGlobal
